
Microsoft Visual Studio Solution File, Format Version 12.00
# Visual Studio Version 17
VisualStudioVersion = 17.14.36616.10
MinimumVisualStudioVersion = 10.0.40219.1
Project("{2150E333-8FDC-42A3-9474-1A3956D46DE8}") = "Task0", "Task0", "{36D591C7-65C7-A0D1-1CBC-10CDE441BDC8}"
EndProject
Project("{FAE04EC0-301F-11D3-BF4B-00C04F79EFBC}") = "Tyuiu.SimkinOA.Sprint3.Task0.V18", "Tyuiu.SimkinOA.Sprint3.Task0.V18\Tyuiu.SimkinOA.Sprint3.Task0.V18.csproj", "{949C9EE3-EF86-4567-8E0C-CA000DC49115}"
EndProject
Project("{FAE04EC0-301F-11D3-BF4B-00C04F79EFBC}") = "Tyuiu.SimkinOA.Sprint3.Task0.V18.Lib", "Tyuiu.SimkinOA.Sprint3.Task0.V18.Lib\Tyuiu.SimkinOA.Sprint3.Task0.V18.Lib.csproj", "{C218A908-F25F-4CFD-B28D-B4BE573AB04F}"
EndProject
Project("{FAE04EC0-301F-11D3-BF4B-00C04F79EFBC}") = "Tyuiu.SimkinOA.Sprint3.Task0.V18.Test", "Tyuiu.SimkinOA.Sprint3.Task0.V18.Test\Tyuiu.SimkinOA.Sprint3.Task0.V18.Test.csproj", "{89765E5D-622F-47D6-A4EB-A97EE89AA68C}"
EndProject
Project("{2150E333-8FDC-42A3-9474-1A3956D46DE8}") = "Task1", "Task1", "{3897A027-13BC-49FE-85F0-92D84BAB00F9}"
EndProject
Project("{FAE04EC0-301F-11D3-BF4B-00C04F79EFBC}") = "Tyuiu.SimkinOA.Sprint3.Task1.V10", "Tyuiu.SimkinOA.Sprint3.Task1.V10\Tyuiu.SimkinOA.Sprint3.Task1.V10.csproj", "{61468DA3-D20D-40C7-96F6-A9483F0F6566}"
EndProject
Project("{FAE04EC0-301F-11D3-BF4B-00C04F79EFBC}") = "Tyuiu.SimkinOA.Sprint3.Task1.V10.Lib", "Tyuiu.SimkinOA.Sprint3.Task1.V10.Lib\Tyuiu.SimkinOA.Sprint3.Task1.V10.Lib.csproj", "{40BDB5DD-FBF3-462E-AA66-0B3786CE3950}"
EndProject
Project("{FAE04EC0-301F-11D3-BF4B-00C04F79EFBC}") = "Tyuiu.SimkinOA.Sprint3.Task1.V10.Test", "Tyuiu.SimkinOA.Sprint3.Task1.V10.Test\Tyuiu.SimkinOA.Sprint3.Task1.V10.Test.csproj", "{D2629F9D-BAFF-410F-A7B8-21DCA6E8CDED}"
EndProject
Project("{2150E333-8FDC-42A3-9474-1A3956D46DE8}") = "Task2", "Task2", "{97F02AB3-3AB3-472B-998A-FB3603A31BEB}"
EndProject
Project("{FAE04EC0-301F-11D3-BF4B-00C04F79EFBC}") = "Tyuiu.SimkinOA.Sprint3.Task2.V25", "Tyuiu.SimkinOA.Sprint3.Task2.V25\Tyuiu.SimkinOA.Sprint3.Task2.V25.csproj", "{532B3CF8-DA83-430A-844F-4243521B1AF6}"
EndProject
Project("{FAE04EC0-301F-11D3-BF4B-00C04F79EFBC}") = "Tyuiu.SimkinOA.Sprint3.Task2.V25.Lib", "Tyuiu.SimkinOA.Sprint3.Task2.V25.Lib\Tyuiu.SimkinOA.Sprint3.Task2.V25.Lib.csproj", "{6EF241C1-91AC-4614-855D-B8808A998201}"
EndProject
Project("{FAE04EC0-301F-11D3-BF4B-00C04F79EFBC}") = "Tyuiu.SimkinOA.Sprint3.Task2.V25.Test", "Tyuiu.SimkinOA.Sprint3.Task2.V25.Test\Tyuiu.SimkinOA.Sprint3.Task2.V25.Test.csproj", "{E157BFF5-E214-46CC-B613-D9452433D3DF}"
EndProject
Project("{2150E333-8FDC-42A3-9474-1A3956D46DE8}") = "Task3", "Task3", "{9B8453AA-1F79-468C-8CD7-ACA49DD8F3EE}"
EndProject
Project("{FAE04EC0-301F-11D3-BF4B-00C04F79EFBC}") = "Tyuiu.SimkinOA.Sprint3.Task3.V11", "Tyuiu.SimkinOA.Sprint3.Task3.V11\Tyuiu.SimkinOA.Sprint3.Task3.V11.csproj", "{92B2B782-C592-4504-AD8C-95E0A148DFDD}"
EndProject
Project("{FAE04EC0-301F-11D3-BF4B-00C04F79EFBC}") = "Tyuiu.SimkinOA.Sprint3.Task3.V11.Lib", "Tyuiu.SimkinOA.Sprint3.Task3.V11.Lib\Tyuiu.SimkinOA.Sprint3.Task3.V11.Lib.csproj", "{7D70B908-9B2E-4E47-8A08-E0336A97B177}"
EndProject
Project("{FAE04EC0-301F-11D3-BF4B-00C04F79EFBC}") = "Tyuiu.SimkinOA.Sprint3.Task3.V11.Test", "Tyuiu.SimkinOA.Sprint3.Task3.V11.Test\Tyuiu.SimkinOA.Sprint3.Task3.V11.Test.csproj", "{D9481AD9-4E3C-4553-89CA-8BCE58C5112E}"
EndProject
Project("{2150E333-8FDC-42A3-9474-1A3956D46DE8}") = "Task4", "Task4", "{B9EDB98E-039E-43E5-AB84-5119B13B72E9}"
EndProject
Project("{FAE04EC0-301F-11D3-BF4B-00C04F79EFBC}") = "Tyuiu.SimkinOA.Sprint3.Task4.V15", "Tyuiu.SimkinOA.Sprint3.Task4.V15\Tyuiu.SimkinOA.Sprint3.Task4.V15.csproj", "{96625A5B-8779-43B9-9A90-3A993320C2C4}"
EndProject
Project("{FAE04EC0-301F-11D3-BF4B-00C04F79EFBC}") = "Tyuiu.SimkinOA.Sprint3.Task4.V15.Lib", "Tyuiu.SimkinOA.Sprint3.Task4.V15.Lib\Tyuiu.SimkinOA.Sprint3.Task4.V15.Lib.csproj", "{7E2AC295-B75E-4F95-8314-DDAD9922A0A4}"
EndProject
Project("{FAE04EC0-301F-11D3-BF4B-00C04F79EFBC}") = "Tyuiu.SimkinOA.Sprint3.Task4.V15.Test", "Tyuiu.SimkinOA.Sprint3.Task4.V15.Test\Tyuiu.SimkinOA.Sprint3.Task4.V15.Test.csproj", "{616B903D-0C45-4C25-906F-737CAA9BB1FB}"
EndProject
Global
	GlobalSection(SolutionConfigurationPlatforms) = preSolution
		Debug|Any CPU = Debug|Any CPU
		Release|Any CPU = Release|Any CPU
	EndGlobalSection
	GlobalSection(ProjectConfigurationPlatforms) = postSolution
		{949C9EE3-EF86-4567-8E0C-CA000DC49115}.Debug|Any CPU.ActiveCfg = Debug|Any CPU
		{949C9EE3-EF86-4567-8E0C-CA000DC49115}.Debug|Any CPU.Build.0 = Debug|Any CPU
		{949C9EE3-EF86-4567-8E0C-CA000DC49115}.Release|Any CPU.ActiveCfg = Release|Any CPU
		{949C9EE3-EF86-4567-8E0C-CA000DC49115}.Release|Any CPU.Build.0 = Release|Any CPU
		{C218A908-F25F-4CFD-B28D-B4BE573AB04F}.Debug|Any CPU.ActiveCfg = Debug|Any CPU
		{C218A908-F25F-4CFD-B28D-B4BE573AB04F}.Debug|Any CPU.Build.0 = Debug|Any CPU
		{C218A908-F25F-4CFD-B28D-B4BE573AB04F}.Release|Any CPU.ActiveCfg = Release|Any CPU
		{C218A908-F25F-4CFD-B28D-B4BE573AB04F}.Release|Any CPU.Build.0 = Release|Any CPU
		{89765E5D-622F-47D6-A4EB-A97EE89AA68C}.Debug|Any CPU.ActiveCfg = Debug|Any CPU
		{89765E5D-622F-47D6-A4EB-A97EE89AA68C}.Debug|Any CPU.Build.0 = Debug|Any CPU
		{89765E5D-622F-47D6-A4EB-A97EE89AA68C}.Release|Any CPU.ActiveCfg = Release|Any CPU
		{89765E5D-622F-47D6-A4EB-A97EE89AA68C}.Release|Any CPU.Build.0 = Release|Any CPU
		{61468DA3-D20D-40C7-96F6-A9483F0F6566}.Debug|Any CPU.ActiveCfg = Debug|Any CPU
		{61468DA3-D20D-40C7-96F6-A9483F0F6566}.Debug|Any CPU.Build.0 = Debug|Any CPU
		{61468DA3-D20D-40C7-96F6-A9483F0F6566}.Release|Any CPU.ActiveCfg = Release|Any CPU
		{61468DA3-D20D-40C7-96F6-A9483F0F6566}.Release|Any CPU.Build.0 = Release|Any CPU
		{40BDB5DD-FBF3-462E-AA66-0B3786CE3950}.Debug|Any CPU.ActiveCfg = Debug|Any CPU
		{40BDB5DD-FBF3-462E-AA66-0B3786CE3950}.Debug|Any CPU.Build.0 = Debug|Any CPU
		{40BDB5DD-FBF3-462E-AA66-0B3786CE3950}.Release|Any CPU.ActiveCfg = Release|Any CPU
		{40BDB5DD-FBF3-462E-AA66-0B3786CE3950}.Release|Any CPU.Build.0 = Release|Any CPU
		{D2629F9D-BAFF-410F-A7B8-21DCA6E8CDED}.Debug|Any CPU.ActiveCfg = Debug|Any CPU
		{D2629F9D-BAFF-410F-A7B8-21DCA6E8CDED}.Debug|Any CPU.Build.0 = Debug|Any CPU
		{D2629F9D-BAFF-410F-A7B8-21DCA6E8CDED}.Release|Any CPU.ActiveCfg = Release|Any CPU
		{D2629F9D-BAFF-410F-A7B8-21DCA6E8CDED}.Release|Any CPU.Build.0 = Release|Any CPU
		{532B3CF8-DA83-430A-844F-4243521B1AF6}.Debug|Any CPU.ActiveCfg = Debug|Any CPU
		{532B3CF8-DA83-430A-844F-4243521B1AF6}.Debug|Any CPU.Build.0 = Debug|Any CPU
		{532B3CF8-DA83-430A-844F-4243521B1AF6}.Release|Any CPU.ActiveCfg = Release|Any CPU
		{532B3CF8-DA83-430A-844F-4243521B1AF6}.Release|Any CPU.Build.0 = Release|Any CPU
		{6EF241C1-91AC-4614-855D-B8808A998201}.Debug|Any CPU.ActiveCfg = Debug|Any CPU
		{6EF241C1-91AC-4614-855D-B8808A998201}.Debug|Any CPU.Build.0 = Debug|Any CPU
		{6EF241C1-91AC-4614-855D-B8808A998201}.Release|Any CPU.ActiveCfg = Release|Any CPU
		{6EF241C1-91AC-4614-855D-B8808A998201}.Release|Any CPU.Build.0 = Release|Any CPU
		{E157BFF5-E214-46CC-B613-D9452433D3DF}.Debug|Any CPU.ActiveCfg = Debug|Any CPU
		{E157BFF5-E214-46CC-B613-D9452433D3DF}.Debug|Any CPU.Build.0 = Debug|Any CPU
		{E157BFF5-E214-46CC-B613-D9452433D3DF}.Release|Any CPU.ActiveCfg = Release|Any CPU
		{E157BFF5-E214-46CC-B613-D9452433D3DF}.Release|Any CPU.Build.0 = Release|Any CPU
		{92B2B782-C592-4504-AD8C-95E0A148DFDD}.Debug|Any CPU.ActiveCfg = Debug|Any CPU
		{92B2B782-C592-4504-AD8C-95E0A148DFDD}.Debug|Any CPU.Build.0 = Debug|Any CPU
		{92B2B782-C592-4504-AD8C-95E0A148DFDD}.Release|Any CPU.ActiveCfg = Release|Any CPU
		{92B2B782-C592-4504-AD8C-95E0A148DFDD}.Release|Any CPU.Build.0 = Release|Any CPU
		{7D70B908-9B2E-4E47-8A08-E0336A97B177}.Debug|Any CPU.ActiveCfg = Debug|Any CPU
		{7D70B908-9B2E-4E47-8A08-E0336A97B177}.Debug|Any CPU.Build.0 = Debug|Any CPU
		{7D70B908-9B2E-4E47-8A08-E0336A97B177}.Release|Any CPU.ActiveCfg = Release|Any CPU
		{7D70B908-9B2E-4E47-8A08-E0336A97B177}.Release|Any CPU.Build.0 = Release|Any CPU
		{D9481AD9-4E3C-4553-89CA-8BCE58C5112E}.Debug|Any CPU.ActiveCfg = Debug|Any CPU
		{D9481AD9-4E3C-4553-89CA-8BCE58C5112E}.Debug|Any CPU.Build.0 = Debug|Any CPU
		{D9481AD9-4E3C-4553-89CA-8BCE58C5112E}.Release|Any CPU.ActiveCfg = Release|Any CPU
		{D9481AD9-4E3C-4553-89CA-8BCE58C5112E}.Release|Any CPU.Build.0 = Release|Any CPU
		{96625A5B-8779-43B9-9A90-3A993320C2C4}.Debug|Any CPU.ActiveCfg = Debug|Any CPU
		{96625A5B-8779-43B9-9A90-3A993320C2C4}.Debug|Any CPU.Build.0 = Debug|Any CPU
		{96625A5B-8779-43B9-9A90-3A993320C2C4}.Release|Any CPU.ActiveCfg = Release|Any CPU
		{96625A5B-8779-43B9-9A90-3A993320C2C4}.Release|Any CPU.Build.0 = Release|Any CPU
		{7E2AC295-B75E-4F95-8314-DDAD9922A0A4}.Debug|Any CPU.ActiveCfg = Debug|Any CPU
		{7E2AC295-B75E-4F95-8314-DDAD9922A0A4}.Debug|Any CPU.Build.0 = Debug|Any CPU
		{7E2AC295-B75E-4F95-8314-DDAD9922A0A4}.Release|Any CPU.ActiveCfg = Release|Any CPU
		{7E2AC295-B75E-4F95-8314-DDAD9922A0A4}.Release|Any CPU.Build.0 = Release|Any CPU
		{616B903D-0C45-4C25-906F-737CAA9BB1FB}.Debug|Any CPU.ActiveCfg = Debug|Any CPU
		{616B903D-0C45-4C25-906F-737CAA9BB1FB}.Debug|Any CPU.Build.0 = Debug|Any CPU
		{616B903D-0C45-4C25-906F-737CAA9BB1FB}.Release|Any CPU.ActiveCfg = Release|Any CPU
		{616B903D-0C45-4C25-906F-737CAA9BB1FB}.Release|Any CPU.Build.0 = Release|Any CPU
	EndGlobalSection
	GlobalSection(SolutionProperties) = preSolution
		HideSolutionNode = FALSE
	EndGlobalSection
	GlobalSection(NestedProjects) = preSolution
		{949C9EE3-EF86-4567-8E0C-CA000DC49115} = {36D591C7-65C7-A0D1-1CBC-10CDE441BDC8}
		{C218A908-F25F-4CFD-B28D-B4BE573AB04F} = {36D591C7-65C7-A0D1-1CBC-10CDE441BDC8}
		{89765E5D-622F-47D6-A4EB-A97EE89AA68C} = {36D591C7-65C7-A0D1-1CBC-10CDE441BDC8}
		{61468DA3-D20D-40C7-96F6-A9483F0F6566} = {3897A027-13BC-49FE-85F0-92D84BAB00F9}
		{40BDB5DD-FBF3-462E-AA66-0B3786CE3950} = {3897A027-13BC-49FE-85F0-92D84BAB00F9}
		{D2629F9D-BAFF-410F-A7B8-21DCA6E8CDED} = {3897A027-13BC-49FE-85F0-92D84BAB00F9}
		{532B3CF8-DA83-430A-844F-4243521B1AF6} = {97F02AB3-3AB3-472B-998A-FB3603A31BEB}
		{6EF241C1-91AC-4614-855D-B8808A998201} = {97F02AB3-3AB3-472B-998A-FB3603A31BEB}
		{E157BFF5-E214-46CC-B613-D9452433D3DF} = {97F02AB3-3AB3-472B-998A-FB3603A31BEB}
		{92B2B782-C592-4504-AD8C-95E0A148DFDD} = {9B8453AA-1F79-468C-8CD7-ACA49DD8F3EE}
		{7D70B908-9B2E-4E47-8A08-E0336A97B177} = {9B8453AA-1F79-468C-8CD7-ACA49DD8F3EE}
		{D9481AD9-4E3C-4553-89CA-8BCE58C5112E} = {9B8453AA-1F79-468C-8CD7-ACA49DD8F3EE}
		{96625A5B-8779-43B9-9A90-3A993320C2C4} = {B9EDB98E-039E-43E5-AB84-5119B13B72E9}
		{7E2AC295-B75E-4F95-8314-DDAD9922A0A4} = {B9EDB98E-039E-43E5-AB84-5119B13B72E9}
		{616B903D-0C45-4C25-906F-737CAA9BB1FB} = {B9EDB98E-039E-43E5-AB84-5119B13B72E9}
	EndGlobalSection
	GlobalSection(ExtensibilityGlobals) = postSolution
		SolutionGuid = {AD013418-D4F4-4502-8DD4-30B3385A9C50}
	EndGlobalSection
EndGlobal
